
Microsoft Visual Studio Solution File, Format Version 12.00
# Visual Studio Version 16
VisualStudioVersion = 16.0.30011.22
MinimumVisualStudioVersion = 10.0.40219.1
Project("{FAE04EC0-301F-11D3-BF4B-00C04F79EFBC}") = "Service Sender Bot", "Service Sender Bot\Service Sender Bot.csproj", "{7544A847-7793-4E2D-8DDD-35B1DFB53888}"
EndProject
Global
	GlobalSection(SolutionConfigurationPlatforms) = preSolution
		Debug|Any CPU = Debug|Any CPU
		Release|Any CPU = Release|Any CPU
	EndGlobalSection
	GlobalSection(ProjectConfigurationPlatforms) = postSolution
		{7544A847-7793-4E2D-8DDD-35B1DFB53888}.Debug|Any CPU.ActiveCfg = Debug|Any CPU
		{7544A847-7793-4E2D-8DDD-35B1DFB53888}.Debug|Any CPU.Build.0 = Debug|Any CPU
		{7544A847-7793-4E2D-8DDD-35B1DFB53888}.Release|Any CPU.ActiveCfg = Release|Any CPU
		{7544A847-7793-4E2D-8DDD-35B1DFB53888}.Release|Any CPU.Build.0 = Release|Any CPU
	EndGlobalSection
	GlobalSection(SolutionProperties) = preSolution
		HideSolutionNode = FALSE
	EndGlobalSection
	GlobalSection(ExtensibilityGlobals) = postSolution
		SolutionGuid = {3A904D97-0DD8-438E-9493-2E6FAC7F6D35}
	EndGlobalSection
EndGlobal
